
Microsoft Visual Studio Solution File, Format Version 12.00
# Visual Studio Version 17
VisualStudioVersion = 17.0.32112.339
MinimumVisualStudioVersion = 10.0.40219.1
Project("{FAE04EC0-301F-11D3-BF4B-00C04F79EFBC}") = "RollDice", "RollDice.csproj", "{52FE3699-7D58-4D09-88A3-2C8A9A43FC52}"
EndProject
Global
	GlobalSection(SolutionConfigurationPlatforms) = preSolution
		Debug|Any CPU = Debug|Any CPU
		Release|Any CPU = Release|Any CPU
	EndGlobalSection
	GlobalSection(ProjectConfigurationPlatforms) = postSolution
		{52FE3699-7D58-4D09-88A3-2C8A9A43FC52}.Debug|Any CPU.ActiveCfg = Debug|Any CPU
		{52FE3699-7D58-4D09-88A3-2C8A9A43FC52}.Debug|Any CPU.Build.0 = Debug|Any CPU
		{52FE3699-7D58-4D09-88A3-2C8A9A43FC52}.Release|Any CPU.ActiveCfg = Release|Any CPU
		{52FE3699-7D58-4D09-88A3-2C8A9A43FC52}.Release|Any CPU.Build.0 = Release|Any CPU
	EndGlobalSection
	GlobalSection(SolutionProperties) = preSolution
		HideSolutionNode = FALSE
	EndGlobalSection
	GlobalSection(ExtensibilityGlobals) = postSolution
		SolutionGuid = {0519A260-EAEC-4562-AFCA-EB5D49D3BFA8}
	EndGlobalSection
EndGlobal
